Microsoft Visual Studio Solution File, Format Version 12.00
# Visual Studio Version 17
VisualStudioVersion = 17.5.2.0
MinimumVisualStudioVersion = 10.0.40219.1
Project("{FAE04EC0-301F-11D3-BF4B-00C04F79EFBC}") = "Programming_Concepts", "Programming_Concepts\Programming_Concepts.csproj", "{AAC930B3-8128-1239-E757-D0CF5F4CA16E}"
EndProject
Project("{2150E333-8FDC-42A3-9474-1A3956D46DE8}") = "Projects", "Projects", "{17245595-230B-9055-A944-863F0DDDA8E8}"
EndProject
Project("{FAE04EC0-301F-11D3-BF4B-00C04F79EFBC}") = "TaskManagementAPI", "Projects\TaskManagementAPI\TaskManagementAPI.csproj", "{4914B41F-C50D-0212-2963-17E11B75361D}"
EndProject
Global
	GlobalSection(SolutionConfigurationPlatforms) = preSolution
		Debug|Any CPU = Debug|Any CPU
		Release|Any CPU = Release|Any CPU
	EndGlobalSection
	GlobalSection(ProjectConfigurationPlatforms) = postSolution
		{AAC930B3-8128-1239-E757-D0CF5F4CA16E}.Debug|Any CPU.ActiveCfg = Debug|Any CPU
		{AAC930B3-8128-1239-E757-D0CF5F4CA16E}.Debug|Any CPU.Build.0 = Debug|Any CPU
		{AAC930B3-8128-1239-E757-D0CF5F4CA16E}.Release|Any CPU.ActiveCfg = Release|Any CPU
		{AAC930B3-8128-1239-E757-D0CF5F4CA16E}.Release|Any CPU.Build.0 = Release|Any CPU
		{4914B41F-C50D-0212-2963-17E11B75361D}.Debug|Any CPU.ActiveCfg = Debug|Any CPU
		{4914B41F-C50D-0212-2963-17E11B75361D}.Debug|Any CPU.Build.0 = Debug|Any CPU
		{4914B41F-C50D-0212-2963-17E11B75361D}.Release|Any CPU.ActiveCfg = Release|Any CPU
		{4914B41F-C50D-0212-2963-17E11B75361D}.Release|Any CPU.Build.0 = Release|Any CPU
	EndGlobalSection
	GlobalSection(SolutionProperties) = preSolution
		HideSolutionNode = FALSE
	EndGlobalSection
	GlobalSection(NestedProjects) = preSolution
		{4914B41F-C50D-0212-2963-17E11B75361D} = {17245595-230B-9055-A944-863F0DDDA8E8}
	EndGlobalSection
	GlobalSection(ExtensibilityGlobals) = postSolution
		SolutionGuid = {AB02FEC1-38DA-4BC7-9532-601B4745023A}
	EndGlobalSection
EndGlobal
